version = 1
revision = 2
requires-python = ">=3.8"
resolution-markers = [
    "python_full_version >= '3.9'",
    "python_full_version < '3.9'",
]

[[package]]
name = "mactoast"
version = "0.1.0"
source = { editable = "." }
dependencies = [
    { name = "pyobjc-core" },
    { name = "pyobjc-framework-cocoa", version = "10.3.2", source = { registry = "https://pypi.org/simple" }, marker = "python_full_version < '3.9'" },
    { name = "pyobjc-framework-cocoa", version = "12.0", source = { registry = "https://pypi.org/simple" }, marker = "python_full_version >= '3.9'" },
    { name = "rumps" },
]

[package.metadata]
requires-dist = [
    { name = "pyobjc-core", specifier = ">=10.0" },
    { name = "pyobjc-framework-cocoa", specifier = ">=10.0" },
    { name = "rumps", specifier = ">=0.4.0" },
]

[[package]]
name = "pyobjc-core"
version = "12.0"
source = { registry = "https://pypi.org/simple" }
sdist = { url = "https://files.pythonhosted.org/packages/ab/dc/6d63019133e39e2b299dfbab786e64997fff0f145c45a417e1dd51faaf3f/pyobjc_core-12.0.tar.gz", hash = "sha256:7e05c805a776149a937b61b892a0459895d32d9002bedc95ce2be31ef1e37a29", size = 991669, upload-time = "2025-10-21T08:26:07.496Z" }
wheels = [
    { url = "https://files.pythonhosted.org/packages/d3/fc/3ee24e2809a47ea758c02ada21c32ad42f611f5771e86a4c199a98d1cee2/pyobjc_core-12.0-cp310-cp310-macosx_10_9_universal2.whl", hash = "sha256:beb665937b0df76412dfd08c6518925806e41536307629a859105270e3a5e6c9", size = 678931, upload-time = "2025-10-21T07:49:40.281Z" },
    { url = "https://files.pythonhosted.org/packages/84/c1/c50e312d32644429d8a9bb3a342aeeb772fba85f9573e7681ca458124a8f/pyobjc_core-12.0-cp311-cp311-macosx_10_9_universal2.whl", hash = "sha256:dd4962aceb0f9a0ee510e11ced449323db85e42664ac9ade53ad1cc2394dc248", size = 673921, upload-time = "2025-10-21T07:50:09.974Z" },
    { url = "https://files.pythonhosted.org/packages/38/95/1acf3be6a8ae457a26e8ff6e08aeb71af49bfc79303b331067c058d448a4/pyobjc_core-12.0-cp312-cp312-macosx_10_13_universal2.whl", hash = "sha256:1675dbb700b6bb6e3f3c9ce3f5401947e0193e16085eeb70e9160c6c6fc1ace5", size = 681179, upload-time = "2025-10-21T07:50:40.094Z" },
    { url = "https://files.pythonhosted.org/packages/88/17/6c247bf9d8de2813f6015671f242333534797e81bdac9e85516fb57dfb00/pyobjc_core-12.0-cp313-cp313-macosx_10_13_universal2.whl", hash = "sha256:c44b76d8306a130c9eb0cb79d86fd6675c8ba3e5b458e78095d271a10cd38b6a", size = 679700, upload-time = "2025-10-21T07:51:09.518Z" },
    { url = "https://files.pythonhosted.org/packages/08/a3/1b26c438c78821e5a82b9c02f7b19a86097aeb2c51132d06e159acc22dc2/pyobjc_core-12.0-cp313-cp313t-macosx_10_13_universal2.whl", hash = "sha256:5c617551e0ab860c49229fcec0135a5cde702485f22254ddc17205eb24b7fc55", size = 721370, upload-time = "2025-10-21T07:51:55.981Z" },
    { url = "https://files.pythonhosted.org/packages/35/b1/6df7d4b0d9f0088855a59f6af59230d1191f78fa84ca68851723272f1916/pyobjc_core-12.0-cp314-cp314-macosx_10_15_universal2.whl", hash = "sha256:c2709ff43ac5c2e9e2c574ae515d3aa0e470345847a4d96c5d4a04b1b86e966d", size = 672302, upload-time = "2025-10-21T07:52:39.445Z" },
    { url = "https://files.pythonhosted.org/packages/f8/10/3a029797c0a22c730ee0d0149ac34ab27afdf51667f96aa23a8ebe7dc3c9/pyobjc_core-12.0-cp314-cp314t-macosx_10_15_universal2.whl", hash = "sha256:eb6b987e53291e7cafd8f71a80a2dd44d7afec4202a143a3e47b75cb9cdb5716", size = 713255, upload-time = "2025-10-21T07:53:25.478Z" },
]

[[package]]
name = "pyobjc-framework-cocoa"
version = "10.3.2"
source = { registry = "https://pypi.org/simple" }
resolution-markers = [
    "python_full_version < '3.9'",
]
dependencies = [
    { name = "pyobjc-core", marker = "python_full_version < '3.9'" },
]
sdist = { url = "https://files.pythonhosted.org/packages/39/41/4f09a5e9a6769b4dafb293ea597ed693cc0def0e07867ad0a42664f530b6/pyobjc_framework_cocoa-10.3.2.tar.gz", hash = "sha256:673968e5435845bef969bfe374f31a1a6dc660c98608d2b84d5cae6eafa5c39d", size = 4942530, upload-time = "2024-11-30T15:30:27.244Z" }
wheels = [
    { url = "https://files.pythonhosted.org/packages/7f/92/8181f9d1cc5539ffb56fe9a91df54348eb0eb36764e53b0082267192ce4b/pyobjc_framework_Cocoa-10.3.2-cp310-cp310-macosx_10_9_universal2.whl", hash = "sha256:61f44c2adab28fdf3aa3d593c9497a2d9ceb9583ed9814adb48828c385d83ff4", size = 381552, upload-time = "2024-11-30T13:17:34.02Z" },
    { url = "https://files.pythonhosted.org/packages/94/52/a41bf62d1467d74e61a729a1e36e064abb47f124a5e484643f021388873f/pyobjc_framework_Cocoa-10.3.2-cp311-cp311-macosx_10_9_universal2.whl", hash = "sha256:7caaf8b260e81b27b7b787332846f644b9423bfc1536f6ec24edbde59ab77a87", size = 381529, upload-time = "2024-11-30T13:18:06.791Z" },
    { url = "https://files.pythonhosted.org/packages/22/fc/496c6ce1386f93d22d9a1ee1889215ed69989d976efa27e46b37b95a4f2d/pyobjc_framework_Cocoa-10.3.2-cp312-cp312-macosx_10_13_universal2.whl", hash = "sha256:c49e99fc4b9e613fb308651b99d52a8a9ae9916c8ef27aa2f5d585b6678a59bf", size = 381866, upload-time = "2024-11-30T13:18:08.83Z" },
    { url = "https://files.pythonhosted.org/packages/4e/c4/bccb4c05422170c0afccf6ebbdcc7551f7ddd03d2f7a65498d02cb179993/pyobjc_framework_Cocoa-10.3.2-cp313-cp313-macosx_10_13_universal2.whl", hash = "sha256:f1161b5713f9b9934c12649d73a6749617172e240f9431eff9e22175262fdfda", size = 381878, upload-time = "2024-11-30T13:18:26.24Z" },
    { url = "https://files.pythonhosted.org/packages/25/ec/68657a633512edb84ecb1ff47a067a81028d6f027aa923e806400d2f8a26/pyobjc_framework_Cocoa-10.3.2-cp313-cp313t-macosx_10_13_universal2.whl", hash = "sha256:08e48b9ee4eb393447b2b781d16663b954bd10a26927df74f92e924c05568d89", size = 384925, upload-time = "2024-11-30T13:18:28.171Z" },
    { url = "https://files.pythonhosted.org/packages/fc/6b/1167d2e926b29fa79680ba83028818af28ec97a91e84d849ab18a6b51342/pyobjc_framework_Cocoa-10.3.2-cp38-cp38-macosx_10_9_x86_64.whl", hash = "sha256:7faa448d2038ae0e0287a326d390002e744bb6470e45995e2dbd16c892e4495a", size = 284040, upload-time = "2024-11-30T13:18:57.955Z" },
    { url = "https://files.pythonhosted.org/packages/41/df/b627ac079a11011f7a9e4ae5a3c358fc6540d0b51386d339e214a957a4aa/pyobjc_framework_Cocoa-10.3.2-cp38-cp38-macosx_11_0_universal2.whl", hash = "sha256:fcd53fee2be9708576617994b107aedc2c40824b648cd51e780e8399c0a447b6", size = 381813, upload-time = "2024-11-30T13:18:59.766Z" },
    { url = "https://files.pythonhosted.org/packages/cc/fb/3ed87bcc1db8290cf83aad4cb584c7b489f1aad5500008ba3b43b6fd1a8b/pyobjc_framework_Cocoa-10.3.2-cp39-cp39-macosx_10_9_universal2.whl", hash = "sha256:838fcf0d10674bde9ff64a3f20c0e188f2dc5e804476d80509b81c4ac1dabc59", size = 381514, upload-time = "2024-11-30T13:19:15.651Z" },
]

[[package]]
name = "pyobjc-framework-cocoa"
version = "12.0"
source = { registry = "https://pypi.org/simple" }
resolution-markers = [
    "python_full_version >= '3.9'",
]
dependencies = [
    { name = "pyobjc-core", marker = "python_full_version >= '3.9'" },
]
sdist = { url = "https://files.pythonhosted.org/packages/37/6f/89837da349fe7de6476c426f118096b147de923139556d98af1832c64b97/pyobjc_framework_cocoa-12.0.tar.gz", hash = "sha256:02d69305b698015a20fcc8e1296e1528e413d8cf9fdcd590478d359386d76e8a", size = 2771906, upload-time = "2025-10-21T08:30:51.765Z" }
wheels = [
    { url = "https://files.pythonhosted.org/packages/96/24/b36e0e8d3fc8320a252f243a7f909d7339fa6c057c670651568898a56e5c/pyobjc_framework_cocoa-12.0-cp310-cp310-macosx_10_9_universal2.whl", hash = "sha256:fe453a559be779fb4bc730b2f6686c5c78eb1898a7291964bc289f96506879b6", size = 383757, upload-time = "2025-10-21T07:58:18.844Z" },
    { url = "https://files.pythonhosted.org/packages/8d/7d/1758df5c2cbf9a0a447cab7e9e5690f166c8b2117dc15d8f38a9526af9db/pyobjc_framework_cocoa-12.0-cp311-cp311-macosx_10_9_universal2.whl", hash = "sha256:ae041b7c64a8fa93f0e06728681f7ad657ef2c92dcfdf8abc073d89fb6e3910b", size = 383765, upload-time = "2025-10-21T07:58:44.189Z" },
    { url = "https://files.pythonhosted.org/packages/18/76/ee7a07e64f7afeff36bf2efe66caed93e41fcaa2b23fc89c4746387e4a0d/pyobjc_framework_cocoa-12.0-cp312-cp312-macosx_10_13_universal2.whl", hash = "sha256:ed99d53a91f9feb9452ba8942cd09d86727f6dd2d56ecfd9b885ddbd4259ebdd", size = 384540, upload-time = "2025-10-21T07:59:09.299Z" },
    { url = "https://files.pythonhosted.org/packages/fb/29/cfef5f021576976698c6ae195fa304238b9f6716e1b3eb11258d2572afe9/pyobjc_framework_cocoa-12.0-cp313-cp313-macosx_10_13_universal2.whl", hash = "sha256:13e573f5093f4158f305b1bac5e1f783881ce2f5f4a69f3c80cb000f76731259", size = 384659, upload-time = "2025-10-21T07:59:34.859Z" },
    { url = "https://files.pythonhosted.org/packages/f1/37/d2d9a143ab5387815a00f478916a52425c4792678366ef6cedf20b8cc9cd/pyobjc_framework_cocoa-12.0-cp313-cp313t-macosx_10_13_universal2.whl", hash = "sha256:3b167793cd1b509eaf693140ace9be1f827a2c8686fceb8c599907661f608bc2", size = 388787, upload-time = "2025-10-21T08:00:00.006Z" },
    { url = "https://files.pythonhosted.org/packages/0f/15/0a6122e430d0e2ba27ad0e345b89f85346805f39d6f97eea6430a74350d9/pyobjc_framework_cocoa-12.0-cp314-cp314-macosx_10_15_universal2.whl", hash = "sha256:a2b6fb9ab3e5ab6db04dfa17828a97894e7da85dd8600885c72a0c2c2214d618", size = 384890, upload-time = "2025-10-21T08:00:25.286Z" },
    { url = "https://files.pythonhosted.org/packages/79/d7/1a3ad814d427c08b99405e571e47a0219598930ad73850ac02d164d88cd0/pyobjc_framework_cocoa-12.0-cp314-cp314t-macosx_10_15_universal2.whl", hash = "sha256:32ff10250a57f72a0b6eca85b790dcc87548ff71d33d0436ffb69680d5e2f308", size = 388925, upload-time = "2025-10-21T08:00:47.309Z" },
]

[[package]]
name = "rumps"
version = "0.4.0"
source = { registry = "https://pypi.org/simple" }
dependencies = [
    { name = "pyobjc-framework-cocoa", version = "10.3.2", source = { registry = "https://pypi.org/simple" }, marker = "python_full_version < '3.9'" },
    { name = "pyobjc-framework-cocoa", version = "12.0", source = { registry = "https://pypi.org/simple" }, marker = "python_full_version >= '3.9'" },
]
sdist = { url = "https://files.pythonhosted.org/packages/b2/e2/2e6a47951290bd1a2831dcc50aec4b25d104c0cf00e8b7868cbd29cf3bfe/rumps-0.4.0.tar.gz", hash = "sha256:17fb33c21b54b1e25db0d71d1d793dc19dc3c0b7d8c79dc6d833d0cffc8b1596", size = 39257, upload-time = "2022-10-15T05:15:10.386Z" }
